
Microsoft Visual Studio Solution File, Format Version 12.00
# Visual Studio Version 16
VisualStudioVersion = 16.0.29306.81
MinimumVisualStudioVersion = 10.0.40219.1
Project("{FAE04EC0-301F-11D3-BF4B-00C04F79EFBC}") = "Restoranai", "Restoranai\Restoranai.csproj", "{BE1EA96A-701A-4351-824F-A6B777B5FEB5}"
EndProject
Global
	GlobalSection(SolutionConfigurationPlatforms) = preSolution
		Debug|Any CPU = Debug|Any CPU
		Release|Any CPU = Release|Any CPU
	EndGlobalSection
	GlobalSection(ProjectConfigurationPlatforms) = postSolution
		{BE1EA96A-701A-4351-824F-A6B777B5FEB5}.Debug|Any CPU.ActiveCfg = Debug|Any CPU
		{BE1EA96A-701A-4351-824F-A6B777B5FEB5}.Debug|Any CPU.Build.0 = Debug|Any CPU
		{BE1EA96A-701A-4351-824F-A6B777B5FEB5}.Release|Any CPU.ActiveCfg = Release|Any CPU
		{BE1EA96A-701A-4351-824F-A6B777B5FEB5}.Release|Any CPU.Build.0 = Release|Any CPU
	EndGlobalSection
	GlobalSection(SolutionProperties) = preSolution
		HideSolutionNode = FALSE
	EndGlobalSection
	GlobalSection(ExtensibilityGlobals) = postSolution
		SolutionGuid = {0BE2593D-D8D4-42F6-8751-5264FB54B44C}
	EndGlobalSection
EndGlobal
